
Microsoft Visual Studio Solution File, Format Version 12.00
# Visual Studio Version 17
VisualStudioVersion = 17.8.34408.163
MinimumVisualStudioVersion = 10.0.40219.1
Project("{FAE04EC0-301F-11D3-BF4B-00C04F79EFBC}") = "Mission 2", "Mission 2.csproj", "{5CC5BCD2-3EEA-44A7-9587-DAFF5CB17EC9}"
EndProject
Global
	GlobalSection(SolutionConfigurationPlatforms) = preSolution
		Debug|Any CPU = Debug|Any CPU
		Release|Any CPU = Release|Any CPU
	EndGlobalSection
	GlobalSection(ProjectConfigurationPlatforms) = postSolution
		{5CC5BCD2-3EEA-44A7-9587-DAFF5CB17EC9}.Debug|Any CPU.ActiveCfg = Debug|Any CPU
		{5CC5BCD2-3EEA-44A7-9587-DAFF5CB17EC9}.Debug|Any CPU.Build.0 = Debug|Any CPU
		{5CC5BCD2-3EEA-44A7-9587-DAFF5CB17EC9}.Release|Any CPU.ActiveCfg = Release|Any CPU
		{5CC5BCD2-3EEA-44A7-9587-DAFF5CB17EC9}.Release|Any CPU.Build.0 = Release|Any CPU
	EndGlobalSection
	GlobalSection(SolutionProperties) = preSolution
		HideSolutionNode = FALSE
	EndGlobalSection
	GlobalSection(ExtensibilityGlobals) = postSolution
		SolutionGuid = {20A167B6-018D-4FA7-A713-733C5C40B7E8}
	EndGlobalSection
EndGlobal
